
Microsoft Visual Studio Solution File, Format Version 12.00
# Visual Studio Version 17
VisualStudioVersion = 17.2.32630.192
MinimumVisualStudioVersion = 10.0.40219.1
Project("{FAE04EC0-301F-11D3-BF4B-00C04F79EFBC}") = "CustomExceptionTask", "CustomExceptionTask\CustomExceptionTask.csproj", "{D5E9C8E5-FB36-423E-9AB3-976D0A5DB8CD}"
EndProject
Global
	GlobalSection(SolutionConfigurationPlatforms) = preSolution
		Debug|Any CPU = Debug|Any CPU
		Release|Any CPU = Release|Any CPU
	EndGlobalSection
	GlobalSection(ProjectConfigurationPlatforms) = postSolution
		{D5E9C8E5-FB36-423E-9AB3-976D0A5DB8CD}.Debug|Any CPU.ActiveCfg = Debug|Any CPU
		{D5E9C8E5-FB36-423E-9AB3-976D0A5DB8CD}.Debug|Any CPU.Build.0 = Debug|Any CPU
		{D5E9C8E5-FB36-423E-9AB3-976D0A5DB8CD}.Release|Any CPU.ActiveCfg = Release|Any CPU
		{D5E9C8E5-FB36-423E-9AB3-976D0A5DB8CD}.Release|Any CPU.Build.0 = Release|Any CPU
	EndGlobalSection
	GlobalSection(SolutionProperties) = preSolution
		HideSolutionNode = FALSE
	EndGlobalSection
	GlobalSection(ExtensibilityGlobals) = postSolution
		SolutionGuid = {6003E16F-B2E0-4611-9C03-4DCD5B869D4F}
	EndGlobalSection
EndGlobal
