
Microsoft Visual Studio Solution File, Format Version 12.00
# Visual Studio Version 17
VisualStudioVersion = 17.2.32630.192
MinimumVisualStudioVersion = 10.0.40219.1
Project("{FAE04EC0-301F-11D3-BF4B-00C04F79EFBC}") = "ADO_Sql_ProcedureDemo", "ADO_Sql_ProcedureDemo\ADO_Sql_ProcedureDemo.csproj", "{23B600E1-1191-438F-A4D5-2731F546483C}"
EndProject
Global
	GlobalSection(SolutionConfigurationPlatforms) = preSolution
		Debug|Any CPU = Debug|Any CPU
		Release|Any CPU = Release|Any CPU
	EndGlobalSection
	GlobalSection(ProjectConfigurationPlatforms) = postSolution
		{23B600E1-1191-438F-A4D5-2731F546483C}.Debug|Any CPU.ActiveCfg = Debug|Any CPU
		{23B600E1-1191-438F-A4D5-2731F546483C}.Debug|Any CPU.Build.0 = Debug|Any CPU
		{23B600E1-1191-438F-A4D5-2731F546483C}.Release|Any CPU.ActiveCfg = Release|Any CPU
		{23B600E1-1191-438F-A4D5-2731F546483C}.Release|Any CPU.Build.0 = Release|Any CPU
	EndGlobalSection
	GlobalSection(SolutionProperties) = preSolution
		HideSolutionNode = FALSE
	EndGlobalSection
	GlobalSection(ExtensibilityGlobals) = postSolution
		SolutionGuid = {3CE99B84-7420-410E-884A-1DDC2233B072}
	EndGlobalSection
EndGlobal
