
Microsoft Visual Studio Solution File, Format Version 12.00
# Visual Studio Version 17
VisualStudioVersion = 17.2.32630.192
MinimumVisualStudioVersion = 10.0.40219.1
Project("{FAE04EC0-301F-11D3-BF4B-00C04F79EFBC}") = "TokenApi", "TokenApi\TokenApi.csproj", "{0DE65334-E35B-4B50-97F9-B11ECB36AB87}"
EndProject
Project("{FAE04EC0-301F-11D3-BF4B-00C04F79EFBC}") = "LoginMVC", "LoginMVC\LoginMVC.csproj", "{0AB84C90-BC27-404C-B773-F2CF45FF1EC4}"
EndProject
Global
	GlobalSection(SolutionConfigurationPlatforms) = preSolution
		Debug|Any CPU = Debug|Any CPU
		Release|Any CPU = Release|Any CPU
	EndGlobalSection
	GlobalSection(ProjectConfigurationPlatforms) = postSolution
		{0DE65334-E35B-4B50-97F9-B11ECB36AB87}.Debug|Any CPU.ActiveCfg = Debug|Any CPU
		{0DE65334-E35B-4B50-97F9-B11ECB36AB87}.Debug|Any CPU.Build.0 = Debug|Any CPU
		{0DE65334-E35B-4B50-97F9-B11ECB36AB87}.Release|Any CPU.ActiveCfg = Release|Any CPU
		{0DE65334-E35B-4B50-97F9-B11ECB36AB87}.Release|Any CPU.Build.0 = Release|Any CPU
		{0AB84C90-BC27-404C-B773-F2CF45FF1EC4}.Debug|Any CPU.ActiveCfg = Debug|Any CPU
		{0AB84C90-BC27-404C-B773-F2CF45FF1EC4}.Debug|Any CPU.Build.0 = Debug|Any CPU
		{0AB84C90-BC27-404C-B773-F2CF45FF1EC4}.Release|Any CPU.ActiveCfg = Release|Any CPU
		{0AB84C90-BC27-404C-B773-F2CF45FF1EC4}.Release|Any CPU.Build.0 = Release|Any CPU
	EndGlobalSection
	GlobalSection(SolutionProperties) = preSolution
		HideSolutionNode = FALSE
	EndGlobalSection
	GlobalSection(ExtensibilityGlobals) = postSolution
		SolutionGuid = {E929103A-4DC7-4693-BD2D-E600F90AC0E4}
	EndGlobalSection
EndGlobal
