
Microsoft Visual Studio Solution File, Format Version 12.00
# Visual Studio Version 17
VisualStudioVersion = 17.2.32630.192
MinimumVisualStudioVersion = 10.0.40219.1
Project("{FAE04EC0-301F-11D3-BF4B-00C04F79EFBC}") = "ASP_3TierDemo", "ASP_3TierDemo\ASP_3TierDemo.csproj", "{C7B59588-92A3-42CE-A28C-BEF09657EA56}"
EndProject
Project("{FAE04EC0-301F-11D3-BF4B-00C04F79EFBC}") = "BusinessLayer", "BusinessLayer\BusinessLayer.csproj", "{D562B3E0-8F7A-4DA1-8A8C-0622D0C60768}"
EndProject
Project("{FAE04EC0-301F-11D3-BF4B-00C04F79EFBC}") = "DataAccessLayer", "ClassLibrary1\DataAccessLayer.csproj", "{848E0802-E203-4ACF-8BDE-90B54776FF8A}"
EndProject
Project("{FAE04EC0-301F-11D3-BF4B-00C04F79EFBC}") = "Entity", "Entity\Entity.csproj", "{308C08F3-9221-4F70-8675-CCBA25A477B1}"
EndProject
Global
	GlobalSection(SolutionConfigurationPlatforms) = preSolution
		Debug|Any CPU = Debug|Any CPU
		Release|Any CPU = Release|Any CPU
	EndGlobalSection
	GlobalSection(ProjectConfigurationPlatforms) = postSolution
		{C7B59588-92A3-42CE-A28C-BEF09657EA56}.Debug|Any CPU.ActiveCfg = Debug|Any CPU
		{C7B59588-92A3-42CE-A28C-BEF09657EA56}.Debug|Any CPU.Build.0 = Debug|Any CPU
		{C7B59588-92A3-42CE-A28C-BEF09657EA56}.Release|Any CPU.ActiveCfg = Release|Any CPU
		{C7B59588-92A3-42CE-A28C-BEF09657EA56}.Release|Any CPU.Build.0 = Release|Any CPU
		{D562B3E0-8F7A-4DA1-8A8C-0622D0C60768}.Debug|Any CPU.ActiveCfg = Debug|Any CPU
		{D562B3E0-8F7A-4DA1-8A8C-0622D0C60768}.Debug|Any CPU.Build.0 = Debug|Any CPU
		{D562B3E0-8F7A-4DA1-8A8C-0622D0C60768}.Release|Any CPU.ActiveCfg = Release|Any CPU
		{D562B3E0-8F7A-4DA1-8A8C-0622D0C60768}.Release|Any CPU.Build.0 = Release|Any CPU
		{848E0802-E203-4ACF-8BDE-90B54776FF8A}.Debug|Any CPU.ActiveCfg = Debug|Any CPU
		{848E0802-E203-4ACF-8BDE-90B54776FF8A}.Debug|Any CPU.Build.0 = Debug|Any CPU
		{848E0802-E203-4ACF-8BDE-90B54776FF8A}.Release|Any CPU.ActiveCfg = Release|Any CPU
		{848E0802-E203-4ACF-8BDE-90B54776FF8A}.Release|Any CPU.Build.0 = Release|Any CPU
		{308C08F3-9221-4F70-8675-CCBA25A477B1}.Debug|Any CPU.ActiveCfg = Debug|Any CPU
		{308C08F3-9221-4F70-8675-CCBA25A477B1}.Debug|Any CPU.Build.0 = Debug|Any CPU
		{308C08F3-9221-4F70-8675-CCBA25A477B1}.Release|Any CPU.ActiveCfg = Release|Any CPU
		{308C08F3-9221-4F70-8675-CCBA25A477B1}.Release|Any CPU.Build.0 = Release|Any CPU
	EndGlobalSection
	GlobalSection(SolutionProperties) = preSolution
		HideSolutionNode = FALSE
	EndGlobalSection
	GlobalSection(ExtensibilityGlobals) = postSolution
		SolutionGuid = {5DC35CA1-49DF-424F-9B06-058C028CFE1F}
	EndGlobalSection
EndGlobal
