
Microsoft Visual Studio Solution File, Format Version 12.00
# Visual Studio Version 17
VisualStudioVersion = 17.2.32630.192
MinimumVisualStudioVersion = 10.0.40219.1
Project("{FAE04EC0-301F-11D3-BF4B-00C04F79EFBC}") = "PresentationLayer", "ThreeTier_ASP_practice\PresentationLayer.csproj", "{135A9683-B4F1-4EB4-9F1B-62EE715CCA55}"
EndProject
Project("{FAE04EC0-301F-11D3-BF4B-00C04F79EFBC}") = "BusinessLayer", "BusinessLayer\BusinessLayer.csproj", "{38636FB3-7316-4DF4-9EA8-0666BC6CF81D}"
EndProject
Project("{FAE04EC0-301F-11D3-BF4B-00C04F79EFBC}") = "DataAccessLayer", "DataAccessLayer\DataAccessLayer.csproj", "{DBF92549-1652-4CD1-9679-2C8B423EB567}"
EndProject
Project("{FAE04EC0-301F-11D3-BF4B-00C04F79EFBC}") = "Entity", "Entity\Entity.csproj", "{E51F9E54-711E-4D56-945B-611B00973F7C}"
EndProject
Global
	GlobalSection(SolutionConfigurationPlatforms) = preSolution
		Debug|Any CPU = Debug|Any CPU
		Release|Any CPU = Release|Any CPU
	EndGlobalSection
	GlobalSection(ProjectConfigurationPlatforms) = postSolution
		{135A9683-B4F1-4EB4-9F1B-62EE715CCA55}.Debug|Any CPU.ActiveCfg = Debug|Any CPU
		{135A9683-B4F1-4EB4-9F1B-62EE715CCA55}.Debug|Any CPU.Build.0 = Debug|Any CPU
		{135A9683-B4F1-4EB4-9F1B-62EE715CCA55}.Release|Any CPU.ActiveCfg = Release|Any CPU
		{135A9683-B4F1-4EB4-9F1B-62EE715CCA55}.Release|Any CPU.Build.0 = Release|Any CPU
		{38636FB3-7316-4DF4-9EA8-0666BC6CF81D}.Debug|Any CPU.ActiveCfg = Debug|Any CPU
		{38636FB3-7316-4DF4-9EA8-0666BC6CF81D}.Debug|Any CPU.Build.0 = Debug|Any CPU
		{38636FB3-7316-4DF4-9EA8-0666BC6CF81D}.Release|Any CPU.ActiveCfg = Release|Any CPU
		{38636FB3-7316-4DF4-9EA8-0666BC6CF81D}.Release|Any CPU.Build.0 = Release|Any CPU
		{DBF92549-1652-4CD1-9679-2C8B423EB567}.Debug|Any CPU.ActiveCfg = Debug|Any CPU
		{DBF92549-1652-4CD1-9679-2C8B423EB567}.Debug|Any CPU.Build.0 = Debug|Any CPU
		{DBF92549-1652-4CD1-9679-2C8B423EB567}.Release|Any CPU.ActiveCfg = Release|Any CPU
		{DBF92549-1652-4CD1-9679-2C8B423EB567}.Release|Any CPU.Build.0 = Release|Any CPU
		{E51F9E54-711E-4D56-945B-611B00973F7C}.Debug|Any CPU.ActiveCfg = Debug|Any CPU
		{E51F9E54-711E-4D56-945B-611B00973F7C}.Debug|Any CPU.Build.0 = Debug|Any CPU
		{E51F9E54-711E-4D56-945B-611B00973F7C}.Release|Any CPU.ActiveCfg = Release|Any CPU
		{E51F9E54-711E-4D56-945B-611B00973F7C}.Release|Any CPU.Build.0 = Release|Any CPU
	EndGlobalSection
	GlobalSection(SolutionProperties) = preSolution
		HideSolutionNode = FALSE
	EndGlobalSection
	GlobalSection(ExtensibilityGlobals) = postSolution
		SolutionGuid = {69AB7F14-FA17-4C34-86BF-AF0B6E48569E}
	EndGlobalSection
EndGlobal
