
Microsoft Visual Studio Solution File, Format Version 12.00
# Visual Studio Version 17
VisualStudioVersion = 17.2.32630.192
MinimumVisualStudioVersion = 10.0.40219.1
Project("{FAE04EC0-301F-11D3-BF4B-00C04F79EFBC}") = "InterfaceDemo", "InterfaceDemo\InterfaceDemo.csproj", "{AE2D3BF9-0FCF-46D5-9447-BB36364AD194}"
EndProject
Global
	GlobalSection(SolutionConfigurationPlatforms) = preSolution
		Debug|Any CPU = Debug|Any CPU
		Release|Any CPU = Release|Any CPU
	EndGlobalSection
	GlobalSection(ProjectConfigurationPlatforms) = postSolution
		{AE2D3BF9-0FCF-46D5-9447-BB36364AD194}.Debug|Any CPU.ActiveCfg = Debug|Any CPU
		{AE2D3BF9-0FCF-46D5-9447-BB36364AD194}.Debug|Any CPU.Build.0 = Debug|Any CPU
		{AE2D3BF9-0FCF-46D5-9447-BB36364AD194}.Release|Any CPU.ActiveCfg = Release|Any CPU
		{AE2D3BF9-0FCF-46D5-9447-BB36364AD194}.Release|Any CPU.Build.0 = Release|Any CPU
	EndGlobalSection
	GlobalSection(SolutionProperties) = preSolution
		HideSolutionNode = FALSE
	EndGlobalSection
	GlobalSection(ExtensibilityGlobals) = postSolution
		SolutionGuid = {DAA021F3-0113-46E8-9A65-DC9E49C885A7}
	EndGlobalSection
EndGlobal
