
Microsoft Visual Studio Solution File, Format Version 12.00
# Visual Studio Version 17
VisualStudioVersion = 17.2.32630.192
MinimumVisualStudioVersion = 10.0.40219.1
Project("{FAE04EC0-301F-11D3-BF4B-00C04F79EFBC}") = "ParamsDemo", "ParamsDemo\ParamsDemo.csproj", "{DDA702ED-1DB6-4D46-99DF-3B4E29656AEC}"
EndProject
Project("{FAE04EC0-301F-11D3-BF4B-00C04F79EFBC}") = "NullableType", "NullableType\NullableType.csproj", "{5021A2D8-4891-4EC2-BA44-1F0844AFC2B3}"
EndProject
Global
	GlobalSection(SolutionConfigurationPlatforms) = preSolution
		Debug|Any CPU = Debug|Any CPU
		Release|Any CPU = Release|Any CPU
	EndGlobalSection
	GlobalSection(ProjectConfigurationPlatforms) = postSolution
		{DDA702ED-1DB6-4D46-99DF-3B4E29656AEC}.Debug|Any CPU.ActiveCfg = Debug|Any CPU
		{DDA702ED-1DB6-4D46-99DF-3B4E29656AEC}.Debug|Any CPU.Build.0 = Debug|Any CPU
		{DDA702ED-1DB6-4D46-99DF-3B4E29656AEC}.Release|Any CPU.ActiveCfg = Release|Any CPU
		{DDA702ED-1DB6-4D46-99DF-3B4E29656AEC}.Release|Any CPU.Build.0 = Release|Any CPU
		{5021A2D8-4891-4EC2-BA44-1F0844AFC2B3}.Debug|Any CPU.ActiveCfg = Debug|Any CPU
		{5021A2D8-4891-4EC2-BA44-1F0844AFC2B3}.Debug|Any CPU.Build.0 = Debug|Any CPU
		{5021A2D8-4891-4EC2-BA44-1F0844AFC2B3}.Release|Any CPU.ActiveCfg = Release|Any CPU
		{5021A2D8-4891-4EC2-BA44-1F0844AFC2B3}.Release|Any CPU.Build.0 = Release|Any CPU
	EndGlobalSection
	GlobalSection(SolutionProperties) = preSolution
		HideSolutionNode = FALSE
	EndGlobalSection
	GlobalSection(ExtensibilityGlobals) = postSolution
		SolutionGuid = {FD1743B5-C176-41E8-9E2B-D50458579C83}
	EndGlobalSection
EndGlobal
