
Microsoft Visual Studio Solution File, Format Version 12.00
# Visual Studio Version 17
VisualStudioVersion = 17.2.32630.192
MinimumVisualStudioVersion = 10.0.40219.1
Project("{FAE04EC0-301F-11D3-BF4B-00C04F79EFBC}") = "Generic_SortedList", "Generic_SortedList\Generic_SortedList.csproj", "{5101C849-1A33-4400-B77E-CD6082DD2436}"
EndProject
Global
	GlobalSection(SolutionConfigurationPlatforms) = preSolution
		Debug|Any CPU = Debug|Any CPU
		Release|Any CPU = Release|Any CPU
	EndGlobalSection
	GlobalSection(ProjectConfigurationPlatforms) = postSolution
		{5101C849-1A33-4400-B77E-CD6082DD2436}.Debug|Any CPU.ActiveCfg = Debug|Any CPU
		{5101C849-1A33-4400-B77E-CD6082DD2436}.Debug|Any CPU.Build.0 = Debug|Any CPU
		{5101C849-1A33-4400-B77E-CD6082DD2436}.Release|Any CPU.ActiveCfg = Release|Any CPU
		{5101C849-1A33-4400-B77E-CD6082DD2436}.Release|Any CPU.Build.0 = Release|Any CPU
	EndGlobalSection
	GlobalSection(SolutionProperties) = preSolution
		HideSolutionNode = FALSE
	EndGlobalSection
	GlobalSection(ExtensibilityGlobals) = postSolution
		SolutionGuid = {867608B4-4544-4A16-8D3E-5C714A7A0F93}
	EndGlobalSection
EndGlobal
