
Microsoft Visual Studio Solution File, Format Version 12.00
# Visual Studio Version 17
VisualStudioVersion = 17.2.32630.192
MinimumVisualStudioVersion = 10.0.40219.1
Project("{FAE04EC0-301F-11D3-BF4B-00C04F79EFBC}") = "Page_Track_Demo", "Page_Track_Demo\Page_Track_Demo.csproj", "{3D4E6272-BB9B-4923-BAD1-E212790109FB}"
EndProject
Global
	GlobalSection(SolutionConfigurationPlatforms) = preSolution
		Debug|Any CPU = Debug|Any CPU
		Release|Any CPU = Release|Any CPU
	EndGlobalSection
	GlobalSection(ProjectConfigurationPlatforms) = postSolution
		{3D4E6272-BB9B-4923-BAD1-E212790109FB}.Debug|Any CPU.ActiveCfg = Debug|Any CPU
		{3D4E6272-BB9B-4923-BAD1-E212790109FB}.Debug|Any CPU.Build.0 = Debug|Any CPU
		{3D4E6272-BB9B-4923-BAD1-E212790109FB}.Release|Any CPU.ActiveCfg = Release|Any CPU
		{3D4E6272-BB9B-4923-BAD1-E212790109FB}.Release|Any CPU.Build.0 = Release|Any CPU
	EndGlobalSection
	GlobalSection(SolutionProperties) = preSolution
		HideSolutionNode = FALSE
	EndGlobalSection
	GlobalSection(ExtensibilityGlobals) = postSolution
		SolutionGuid = {812FEF30-01ED-4A8B-A4C1-06FD9A7B09ED}
	EndGlobalSection
EndGlobal
