
Microsoft Visual Studio Solution File, Format Version 12.00
# Visual Studio Version 17
VisualStudioVersion = 17.2.32630.192
MinimumVisualStudioVersion = 10.0.40219.1
Project("{FAE04EC0-301F-11D3-BF4B-00C04F79EFBC}") = "Generic_QueueDemo", "Generic_QueueDemo\Generic_QueueDemo.csproj", "{45383E1F-99A3-4AD7-9BC7-7B7505F69A11}"
EndProject
Global
	GlobalSection(SolutionConfigurationPlatforms) = preSolution
		Debug|Any CPU = Debug|Any CPU
		Release|Any CPU = Release|Any CPU
	EndGlobalSection
	GlobalSection(ProjectConfigurationPlatforms) = postSolution
		{45383E1F-99A3-4AD7-9BC7-7B7505F69A11}.Debug|Any CPU.ActiveCfg = Debug|Any CPU
		{45383E1F-99A3-4AD7-9BC7-7B7505F69A11}.Debug|Any CPU.Build.0 = Debug|Any CPU
		{45383E1F-99A3-4AD7-9BC7-7B7505F69A11}.Release|Any CPU.ActiveCfg = Release|Any CPU
		{45383E1F-99A3-4AD7-9BC7-7B7505F69A11}.Release|Any CPU.Build.0 = Release|Any CPU
	EndGlobalSection
	GlobalSection(SolutionProperties) = preSolution
		HideSolutionNode = FALSE
	EndGlobalSection
	GlobalSection(ExtensibilityGlobals) = postSolution
		SolutionGuid = {6A39B210-9266-4A55-B043-A53C1F9808A2}
	EndGlobalSection
EndGlobal
