
Microsoft Visual Studio Solution File, Format Version 12.00
# Visual Studio Version 17
VisualStudioVersion = 17.2.32630.192
MinimumVisualStudioVersion = 10.0.40219.1
Project("{FAE04EC0-301F-11D3-BF4B-00C04F79EFBC}") = "ADO.NetWithTwoTables", "ADO.NetWithTwoTables\ADO.NetWithTwoTables.csproj", "{66EA1B27-650B-4AB6-8E80-A1772E9F0AB0}"
EndProject
Global
	GlobalSection(SolutionConfigurationPlatforms) = preSolution
		Debug|Any CPU = Debug|Any CPU
		Release|Any CPU = Release|Any CPU
	EndGlobalSection
	GlobalSection(ProjectConfigurationPlatforms) = postSolution
		{66EA1B27-650B-4AB6-8E80-A1772E9F0AB0}.Debug|Any CPU.ActiveCfg = Debug|Any CPU
		{66EA1B27-650B-4AB6-8E80-A1772E9F0AB0}.Debug|Any CPU.Build.0 = Debug|Any CPU
		{66EA1B27-650B-4AB6-8E80-A1772E9F0AB0}.Release|Any CPU.ActiveCfg = Release|Any CPU
		{66EA1B27-650B-4AB6-8E80-A1772E9F0AB0}.Release|Any CPU.Build.0 = Release|Any CPU
	EndGlobalSection
	GlobalSection(SolutionProperties) = preSolution
		HideSolutionNode = FALSE
	EndGlobalSection
	GlobalSection(ExtensibilityGlobals) = postSolution
		SolutionGuid = {7FB5E28B-CFC2-4AEB-9672-365270800347}
	EndGlobalSection
EndGlobal
