
Microsoft Visual Studio Solution File, Format Version 12.00
# Visual Studio Version 17
VisualStudioVersion = 17.2.32630.192
MinimumVisualStudioVersion = 10.0.40219.1
Project("{FAE04EC0-301F-11D3-BF4B-00C04F79EFBC}") = "AnonymousMethod", "AnonymousMethod\AnonymousMethod.csproj", "{91EB106D-6AE7-45CA-BC48-6950DE905006}"
EndProject
Global
	GlobalSection(SolutionConfigurationPlatforms) = preSolution
		Debug|Any CPU = Debug|Any CPU
		Release|Any CPU = Release|Any CPU
	EndGlobalSection
	GlobalSection(ProjectConfigurationPlatforms) = postSolution
		{91EB106D-6AE7-45CA-BC48-6950DE905006}.Debug|Any CPU.ActiveCfg = Debug|Any CPU
		{91EB106D-6AE7-45CA-BC48-6950DE905006}.Debug|Any CPU.Build.0 = Debug|Any CPU
		{91EB106D-6AE7-45CA-BC48-6950DE905006}.Release|Any CPU.ActiveCfg = Release|Any CPU
		{91EB106D-6AE7-45CA-BC48-6950DE905006}.Release|Any CPU.Build.0 = Release|Any CPU
	EndGlobalSection
	GlobalSection(SolutionProperties) = preSolution
		HideSolutionNode = FALSE
	EndGlobalSection
	GlobalSection(ExtensibilityGlobals) = postSolution
		SolutionGuid = {EDA8CA85-914E-4A3C-B0E1-301151D251B3}
	EndGlobalSection
EndGlobal
