
Microsoft Visual Studio Solution File, Format Version 12.00
# Visual Studio Version 17
VisualStudioVersion = 17.2.32630.192
MinimumVisualStudioVersion = 10.0.40219.1
Project("{FAE04EC0-301F-11D3-BF4B-00C04F79EFBC}") = "EventRevisionDemo", "EventRevisionDemo\EventRevisionDemo.csproj", "{19F6FF97-3A81-4536-8782-709774E54A13}"
EndProject
Global
	GlobalSection(SolutionConfigurationPlatforms) = preSolution
		Debug|Any CPU = Debug|Any CPU
		Release|Any CPU = Release|Any CPU
	EndGlobalSection
	GlobalSection(ProjectConfigurationPlatforms) = postSolution
		{19F6FF97-3A81-4536-8782-709774E54A13}.Debug|Any CPU.ActiveCfg = Debug|Any CPU
		{19F6FF97-3A81-4536-8782-709774E54A13}.Debug|Any CPU.Build.0 = Debug|Any CPU
		{19F6FF97-3A81-4536-8782-709774E54A13}.Release|Any CPU.ActiveCfg = Release|Any CPU
		{19F6FF97-3A81-4536-8782-709774E54A13}.Release|Any CPU.Build.0 = Release|Any CPU
	EndGlobalSection
	GlobalSection(SolutionProperties) = preSolution
		HideSolutionNode = FALSE
	EndGlobalSection
	GlobalSection(ExtensibilityGlobals) = postSolution
		SolutionGuid = {60AE489A-7E18-45BD-8FF1-0D95285CEBBA}
	EndGlobalSection
EndGlobal
