
Microsoft Visual Studio Solution File, Format Version 12.00
# Visual Studio Version 17
VisualStudioVersion = 17.2.32630.192
MinimumVisualStudioVersion = 10.0.40219.1
Project("{FAE04EC0-301F-11D3-BF4B-00C04F79EFBC}") = "ExplicitInterface", "ExplicitInterface\ExplicitInterface.csproj", "{1397CD34-8975-4016-858C-33F1663C0B9D}"
EndProject
Global
	GlobalSection(SolutionConfigurationPlatforms) = preSolution
		Debug|Any CPU = Debug|Any CPU
		Release|Any CPU = Release|Any CPU
	EndGlobalSection
	GlobalSection(ProjectConfigurationPlatforms) = postSolution
		{1397CD34-8975-4016-858C-33F1663C0B9D}.Debug|Any CPU.ActiveCfg = Debug|Any CPU
		{1397CD34-8975-4016-858C-33F1663C0B9D}.Debug|Any CPU.Build.0 = Debug|Any CPU
		{1397CD34-8975-4016-858C-33F1663C0B9D}.Release|Any CPU.ActiveCfg = Release|Any CPU
		{1397CD34-8975-4016-858C-33F1663C0B9D}.Release|Any CPU.Build.0 = Release|Any CPU
	EndGlobalSection
	GlobalSection(SolutionProperties) = preSolution
		HideSolutionNode = FALSE
	EndGlobalSection
	GlobalSection(ExtensibilityGlobals) = postSolution
		SolutionGuid = {08857C18-49CC-415C-ABC4-358D5594DD59}
	EndGlobalSection
EndGlobal
