
Microsoft Visual Studio Solution File, Format Version 12.00
# Visual Studio Version 17
VisualStudioVersion = 17.2.32630.192
MinimumVisualStudioVersion = 10.0.40219.1
Project("{FAE04EC0-301F-11D3-BF4B-00C04F79EFBC}") = "PresentationLayer", "MondayAssesmentASP\PresentationLayer.csproj", "{C9559784-03C4-4FBC-B9D2-B6DE3DACD466}"
EndProject
Project("{FAE04EC0-301F-11D3-BF4B-00C04F79EFBC}") = "BusinessLayer", "BusinessLayer\BusinessLayer.csproj", "{73B60C2F-E567-47F7-990C-3ECD490ABD12}"
EndProject
Project("{FAE04EC0-301F-11D3-BF4B-00C04F79EFBC}") = "DataAccessLayer", "DataAccessLayer\DataAccessLayer.csproj", "{1A4105E7-AE54-4337-909A-422E5F6F845A}"
EndProject
Project("{FAE04EC0-301F-11D3-BF4B-00C04F79EFBC}") = "Entity", "Entity\Entity.csproj", "{3DFB9630-CCD4-4678-9BCC-25CD65789C90}"
EndProject
Global
	GlobalSection(SolutionConfigurationPlatforms) = preSolution
		Debug|Any CPU = Debug|Any CPU
		Release|Any CPU = Release|Any CPU
	EndGlobalSection
	GlobalSection(ProjectConfigurationPlatforms) = postSolution
		{C9559784-03C4-4FBC-B9D2-B6DE3DACD466}.Debug|Any CPU.ActiveCfg = Debug|Any CPU
		{C9559784-03C4-4FBC-B9D2-B6DE3DACD466}.Debug|Any CPU.Build.0 = Debug|Any CPU
		{C9559784-03C4-4FBC-B9D2-B6DE3DACD466}.Release|Any CPU.ActiveCfg = Release|Any CPU
		{C9559784-03C4-4FBC-B9D2-B6DE3DACD466}.Release|Any CPU.Build.0 = Release|Any CPU
		{73B60C2F-E567-47F7-990C-3ECD490ABD12}.Debug|Any CPU.ActiveCfg = Debug|Any CPU
		{73B60C2F-E567-47F7-990C-3ECD490ABD12}.Debug|Any CPU.Build.0 = Debug|Any CPU
		{73B60C2F-E567-47F7-990C-3ECD490ABD12}.Release|Any CPU.ActiveCfg = Release|Any CPU
		{73B60C2F-E567-47F7-990C-3ECD490ABD12}.Release|Any CPU.Build.0 = Release|Any CPU
		{1A4105E7-AE54-4337-909A-422E5F6F845A}.Debug|Any CPU.ActiveCfg = Debug|Any CPU
		{1A4105E7-AE54-4337-909A-422E5F6F845A}.Debug|Any CPU.Build.0 = Debug|Any CPU
		{1A4105E7-AE54-4337-909A-422E5F6F845A}.Release|Any CPU.ActiveCfg = Release|Any CPU
		{1A4105E7-AE54-4337-909A-422E5F6F845A}.Release|Any CPU.Build.0 = Release|Any CPU
		{3DFB9630-CCD4-4678-9BCC-25CD65789C90}.Debug|Any CPU.ActiveCfg = Debug|Any CPU
		{3DFB9630-CCD4-4678-9BCC-25CD65789C90}.Debug|Any CPU.Build.0 = Debug|Any CPU
		{3DFB9630-CCD4-4678-9BCC-25CD65789C90}.Release|Any CPU.ActiveCfg = Release|Any CPU
		{3DFB9630-CCD4-4678-9BCC-25CD65789C90}.Release|Any CPU.Build.0 = Release|Any CPU
	EndGlobalSection
	GlobalSection(SolutionProperties) = preSolution
		HideSolutionNode = FALSE
	EndGlobalSection
	GlobalSection(ExtensibilityGlobals) = postSolution
		SolutionGuid = {901C2E51-1F2F-4FDF-8142-46651CEB2C2B}
	EndGlobalSection
EndGlobal
