
Microsoft Visual Studio Solution File, Format Version 12.00
# Visual Studio Version 17
VisualStudioVersion = 17.2.32630.192
MinimumVisualStudioVersion = 10.0.40219.1
Project("{FAE04EC0-301F-11D3-BF4B-00C04F79EFBC}") = "Expression_tree_demo", "Expression_tree_demo\Expression_tree_demo.csproj", "{79FF2017-773F-4BFD-8865-FADDB616A563}"
EndProject
Global
	GlobalSection(SolutionConfigurationPlatforms) = preSolution
		Debug|Any CPU = Debug|Any CPU
		Release|Any CPU = Release|Any CPU
	EndGlobalSection
	GlobalSection(ProjectConfigurationPlatforms) = postSolution
		{79FF2017-773F-4BFD-8865-FADDB616A563}.Debug|Any CPU.ActiveCfg = Debug|Any CPU
		{79FF2017-773F-4BFD-8865-FADDB616A563}.Debug|Any CPU.Build.0 = Debug|Any CPU
		{79FF2017-773F-4BFD-8865-FADDB616A563}.Release|Any CPU.ActiveCfg = Release|Any CPU
		{79FF2017-773F-4BFD-8865-FADDB616A563}.Release|Any CPU.Build.0 = Release|Any CPU
	EndGlobalSection
	GlobalSection(SolutionProperties) = preSolution
		HideSolutionNode = FALSE
	EndGlobalSection
	GlobalSection(ExtensibilityGlobals) = postSolution
		SolutionGuid = {711E5E66-4CB1-433A-A7E3-B2CC9F9A8B6C}
	EndGlobalSection
EndGlobal
