
Microsoft Visual Studio Solution File, Format Version 12.00
# Visual Studio Version 17
VisualStudioVersion = 17.2.32630.192
MinimumVisualStudioVersion = 10.0.40219.1
Project("{FAE04EC0-301F-11D3-BF4B-00C04F79EFBC}") = "Response_Server_Demo", "Response_Server_Demo\Response_Server_Demo.csproj", "{3F4DAC6D-6580-4F5D-AF56-C8F372CF7B96}"
EndProject
Global
	GlobalSection(SolutionConfigurationPlatforms) = preSolution
		Debug|Any CPU = Debug|Any CPU
		Release|Any CPU = Release|Any CPU
	EndGlobalSection
	GlobalSection(ProjectConfigurationPlatforms) = postSolution
		{3F4DAC6D-6580-4F5D-AF56-C8F372CF7B96}.Debug|Any CPU.ActiveCfg = Debug|Any CPU
		{3F4DAC6D-6580-4F5D-AF56-C8F372CF7B96}.Debug|Any CPU.Build.0 = Debug|Any CPU
		{3F4DAC6D-6580-4F5D-AF56-C8F372CF7B96}.Release|Any CPU.ActiveCfg = Release|Any CPU
		{3F4DAC6D-6580-4F5D-AF56-C8F372CF7B96}.Release|Any CPU.Build.0 = Release|Any CPU
	EndGlobalSection
	GlobalSection(SolutionProperties) = preSolution
		HideSolutionNode = FALSE
	EndGlobalSection
	GlobalSection(ExtensibilityGlobals) = postSolution
		SolutionGuid = {3407F2C7-9B74-48A6-B029-9CC9ABA05B24}
	EndGlobalSection
EndGlobal
