
Microsoft Visual Studio Solution File, Format Version 12.00
# Visual Studio Version 17
VisualStudioVersion = 17.2.32630.192
MinimumVisualStudioVersion = 10.0.40219.1
Project("{FAE04EC0-301F-11D3-BF4B-00C04F79EFBC}") = "MVC_Demo", "MVC_Demo\MVC_Demo.csproj", "{10AA7B5A-5E41-4CC8-A266-456F8C22376E}"
EndProject
Global
	GlobalSection(SolutionConfigurationPlatforms) = preSolution
		Debug|Any CPU = Debug|Any CPU
		Release|Any CPU = Release|Any CPU
	EndGlobalSection
	GlobalSection(ProjectConfigurationPlatforms) = postSolution
		{10AA7B5A-5E41-4CC8-A266-456F8C22376E}.Debug|Any CPU.ActiveCfg = Debug|Any CPU
		{10AA7B5A-5E41-4CC8-A266-456F8C22376E}.Debug|Any CPU.Build.0 = Debug|Any CPU
		{10AA7B5A-5E41-4CC8-A266-456F8C22376E}.Release|Any CPU.ActiveCfg = Release|Any CPU
		{10AA7B5A-5E41-4CC8-A266-456F8C22376E}.Release|Any CPU.Build.0 = Release|Any CPU
	EndGlobalSection
	GlobalSection(SolutionProperties) = preSolution
		HideSolutionNode = FALSE
	EndGlobalSection
	GlobalSection(ExtensibilityGlobals) = postSolution
		SolutionGuid = {9E97BAF6-50BE-4EE6-B1F9-39ECBB31C343}
	EndGlobalSection
EndGlobal
